
Microsoft Visual Studio Solution File, Format Version 12.00
# Visual Studio Version 17
VisualStudioVersion = 17.10.34804.81
MinimumVisualStudioVersion = 10.0.40219.1
Project("{FAE04EC0-301F-11D3-BF4B-00C04F79EFBC}") = "ConsoleApp-BagOfWords", "ConsoleApp-BagOfWords.csproj", "{14AD72F8-9E07-4B89-8D00-ADED3BF16338}"
EndProject
Global
	GlobalSection(SolutionConfigurationPlatforms) = preSolution
		Debug|Any CPU = Debug|Any CPU
		Release|Any CPU = Release|Any CPU
	EndGlobalSection
	GlobalSection(ProjectConfigurationPlatforms) = postSolution
		{14AD72F8-9E07-4B89-8D00-ADED3BF16338}.Debug|Any CPU.ActiveCfg = Debug|Any CPU
		{14AD72F8-9E07-4B89-8D00-ADED3BF16338}.Debug|Any CPU.Build.0 = Debug|Any CPU
		{14AD72F8-9E07-4B89-8D00-ADED3BF16338}.Release|Any CPU.ActiveCfg = Release|Any CPU
		{14AD72F8-9E07-4B89-8D00-ADED3BF16338}.Release|Any CPU.Build.0 = Release|Any CPU
	EndGlobalSection
	GlobalSection(SolutionProperties) = preSolution
		HideSolutionNode = FALSE
	EndGlobalSection
	GlobalSection(ExtensibilityGlobals) = postSolution
		SolutionGuid = {BCB65222-3DCA-492A-9D21-B30A94209B71}
	EndGlobalSection
EndGlobal
