
Microsoft Visual Studio Solution File, Format Version 12.00
# Visual Studio Version 17
VisualStudioVersion = 17.10.34804.81
MinimumVisualStudioVersion = 10.0.40219.1
Project("{FAE04EC0-301F-11D3-BF4B-00C04F79EFBC}") = "api-sanitize-validate", "api-sanitize-validate.csproj", "{013AEE4E-D82D-48FD-9C1B-F84F23233C89}"
EndProject
Global
	GlobalSection(SolutionConfigurationPlatforms) = preSolution
		Debug|Any CPU = Debug|Any CPU
		Release|Any CPU = Release|Any CPU
	EndGlobalSection
	GlobalSection(ProjectConfigurationPlatforms) = postSolution
		{013AEE4E-D82D-48FD-9C1B-F84F23233C89}.Debug|Any CPU.ActiveCfg = Debug|Any CPU
		{013AEE4E-D82D-48FD-9C1B-F84F23233C89}.Debug|Any CPU.Build.0 = Debug|Any CPU
		{013AEE4E-D82D-48FD-9C1B-F84F23233C89}.Release|Any CPU.ActiveCfg = Release|Any CPU
		{013AEE4E-D82D-48FD-9C1B-F84F23233C89}.Release|Any CPU.Build.0 = Release|Any CPU
	EndGlobalSection
	GlobalSection(SolutionProperties) = preSolution
		HideSolutionNode = FALSE
	EndGlobalSection
	GlobalSection(ExtensibilityGlobals) = postSolution
		SolutionGuid = {16A75AFD-C543-40E2-8CD8-51F559D3A684}
	EndGlobalSection
EndGlobal
