
Microsoft Visual Studio Solution File, Format Version 12.00
# Visual Studio Version 17
VisualStudioVersion = 17.10.34804.81
MinimumVisualStudioVersion = 10.0.40219.1
Project("{FAE04EC0-301F-11D3-BF4B-00C04F79EFBC}") = "api-roadtrip-input", "api-roadtrip-input.csproj", "{5FC70E26-DF92-4278-A60A-4B8E15BF2C42}"
EndProject
Global
	GlobalSection(SolutionConfigurationPlatforms) = preSolution
		Debug|Any CPU = Debug|Any CPU
		Release|Any CPU = Release|Any CPU
	EndGlobalSection
	GlobalSection(ProjectConfigurationPlatforms) = postSolution
		{5FC70E26-DF92-4278-A60A-4B8E15BF2C42}.Debug|Any CPU.ActiveCfg = Debug|Any CPU
		{5FC70E26-DF92-4278-A60A-4B8E15BF2C42}.Debug|Any CPU.Build.0 = Debug|Any CPU
		{5FC70E26-DF92-4278-A60A-4B8E15BF2C42}.Release|Any CPU.ActiveCfg = Release|Any CPU
		{5FC70E26-DF92-4278-A60A-4B8E15BF2C42}.Release|Any CPU.Build.0 = Release|Any CPU
	EndGlobalSection
	GlobalSection(SolutionProperties) = preSolution
		HideSolutionNode = FALSE
	EndGlobalSection
	GlobalSection(ExtensibilityGlobals) = postSolution
		SolutionGuid = {24E38C6C-6109-4412-AA4A-71064A21F412}
	EndGlobalSection
EndGlobal
